
Microsoft Visual Studio Solution File, Format Version 10.00
# Visual Studio 2008
Project("{8BC9CEB8-8B4A-11D0-8D11-00A0C91BC942}") = "Above_server", "Above_server.vcproj", "{D2087E7D-92AB-42B8-BEC3-1C63F333E26A}"
EndProject
Global
	GlobalSection(SolutionConfigurationPlatforms) = preSolution
		Debug|Win32 = Debug|Win32
		Release|Win32 = Release|Win32
	EndGlobalSection
	GlobalSection(ProjectConfigurationPlatforms) = postSolution
		{D2087E7D-92AB-42B8-BEC3-1C63F333E26A}.Debug|Win32.ActiveCfg = Debug|Win32
		{D2087E7D-92AB-42B8-BEC3-1C63F333E26A}.Debug|Win32.Build.0 = Debug|Win32
		{D2087E7D-92AB-42B8-BEC3-1C63F333E26A}.Release|Win32.ActiveCfg = Release|Win32
		{D2087E7D-92AB-42B8-BEC3-1C63F333E26A}.Release|Win32.Build.0 = Release|Win32
	EndGlobalSection
	GlobalSection(SolutionProperties) = preSolution
		HideSolutionNode = FALSE
	EndGlobalSection
EndGlobal
